github.com/fearful-symmetry/gomsr v0.0.1 h1:m208RzdTApWVbv8a9kf78rdPLQe+BY9AxRb/nSbHxSA=
github.com/fearful-symmetry/gomsr v0.0.1/go.mod h1:Qb/0Y7zwobP7v8Sji+M5mlL4N7Voyz5WaKXXRFPnLio=
github.com/pkg/errors v0.9.1 h1:FEBLx1zS214owpjy7qsBeixbURkuhQAwrK5UwLGTwt4=
github.com/pkg/errors v0.9.1/go.mod h1:bwawxfHBFNV+L2hUp1rHADufV3IMtnDRdf1r5NINEl0=
